version: 6
environments:
  default:
    channels:
    - url: https://conda.anaconda.org/conda-forge/
    packages:
      win-64:
      - conda: https://conda.anaconda.org/conda-forge/noarch/aiohappyeyeballs-2.6.1-pyhd8ed1ab_0.conda
      - conda: https://conda.anaconda.org/conda-forge/noarch/aiohttp-3.13.2-pyh4ca1811_0.conda
      - conda: https://conda.anaconda.org/conda-forge/noarch/aiosignal-1.4.0-pyhd8ed1ab_0.conda
      - conda: https://conda.anaconda.org/conda-forge/noarch/anyio-4.12.0-pyhcf101f3_0.conda
      - conda: https://conda.anaconda.org/conda-forge/noarch/async-timeout-5.0.1-pyhd8ed1ab_1.conda
      - conda: https://conda.anaconda.org/conda-forge/noarch/attrs-25.4.0-pyhcf101f3_1.conda
      - conda: https://conda.anaconda.org/conda-forge/noarch/backports.zstd-1.3.0-py314h680f03e_0.conda
      - conda: https://conda.anaconda.org/conda-forge/win-64/brotli-python-1.2.0-py314he701e3d_1.conda
      - conda: https://conda.anaconda.org/conda-forge/win-64/bzip2-1.0.8-h0ad9c76_8.conda
      - conda: https://conda.anaconda.org/conda-forge/noarch/ca-certificates-2025.11.12-h4c7d964_0.conda
      - conda: https://conda.anaconda.org/conda-forge/noarch/cachetools-6.2.4-pyhd8ed1ab_0.conda
      - conda: https://conda.anaconda.org/conda-forge/noarch/certifi-2025.11.12-pyhd8ed1ab_0.conda
      - conda: https://conda.anaconda.org/conda-forge/win-64/cffi-2.0.0-py314h5a2d7ad_1.conda
      - conda: https://conda.anaconda.org/conda-forge/noarch/charset-normalizer-3.4.4-pyhd8ed1ab_0.conda
      - conda: https://conda.anaconda.org/conda-forge/win-64/cryptography-46.0.3-py314he884d78_1.conda
      - conda: https://conda.anaconda.org/conda-forge/noarch/exceptiongroup-1.3.1-pyhd8ed1ab_0.conda
      - conda: https://conda.anaconda.org/conda-forge/noarch/frozenlist-1.7.0-pyhf298e5d_0.conda
      - conda: https://conda.anaconda.org/conda-forge/noarch/google-auth-2.45.0-pyhd8ed1ab_0.conda
      - conda: https://conda.anaconda.org/conda-forge/noarch/h11-0.16.0-pyhd8ed1ab_0.conda
      - conda: https://conda.anaconda.org/conda-forge/noarch/h2-4.3.0-pyhcf101f3_0.conda
      - conda: https://conda.anaconda.org/conda-forge/noarch/hpack-4.1.0-pyhd8ed1ab_0.conda
      - conda: https://conda.anaconda.org/conda-forge/noarch/httpcore-1.0.9-pyh29332c3_0.conda
      - conda: https://conda.anaconda.org/conda-forge/noarch/httpx-0.28.1-pyhd8ed1ab_0.conda
      - conda: https://conda.anaconda.org/conda-forge/noarch/hyperframe-6.1.0-pyhd8ed1ab_0.conda
      - conda: https://conda.anaconda.org/conda-forge/noarch/idna-3.11-pyhd8ed1ab_0.conda
      - conda: https://conda.anaconda.org/conda-forge/win-64/libexpat-2.7.3-hac47afa_0.conda
      - conda: https://conda.anaconda.org/conda-forge/win-64/libffi-3.5.2-h52bdfb6_0.conda
      - conda: https://conda.anaconda.org/conda-forge/win-64/liblzma-5.8.1-h2466b09_2.conda
      - conda: https://conda.anaconda.org/conda-forge/win-64/libmpdec-4.0.0-h2466b09_0.conda
      - conda: https://conda.anaconda.org/conda-forge/win-64/libsqlite-3.51.1-hf5d6505_1.conda
      - conda: https://conda.anaconda.org/conda-forge/win-64/libzlib-1.3.1-h2466b09_2.conda
      - conda: https://conda.anaconda.org/conda-forge/noarch/multidict-6.7.0-pyh62beb40_0.conda
      - conda: https://conda.anaconda.org/conda-forge/win-64/openssl-3.6.0-h725018a_0.conda
      - conda: https://conda.anaconda.org/conda-forge/noarch/propcache-0.3.1-pyhe1237c8_0.conda
      - conda: https://conda.anaconda.org/conda-forge/noarch/pyasn1-0.6.1-pyhd8ed1ab_2.conda
      - conda: https://conda.anaconda.org/conda-forge/noarch/pyasn1-modules-0.4.2-pyhd8ed1ab_0.conda
      - conda: https://conda.anaconda.org/conda-forge/noarch/pycparser-2.22-pyh29332c3_1.conda
      - conda: https://conda.anaconda.org/conda-forge/noarch/pyopenssl-25.3.0-pyhd8ed1ab_0.conda
      - conda: https://conda.anaconda.org/conda-forge/noarch/pysocks-1.7.1-pyh09c184e_7.conda
      - conda: https://conda.anaconda.org/conda-forge/win-64/python-3.14.2-h4b44e0e_100_cp314.conda
      - conda: https://conda.anaconda.org/conda-forge/noarch/python_abi-3.14-8_cp314.conda
      - conda: https://conda.anaconda.org/conda-forge/noarch/pyu2f-0.1.5-pyhd8ed1ab_1.conda
      - conda: https://conda.anaconda.org/conda-forge/noarch/requests-2.32.5-pyhcf101f3_1.conda
      - conda: https://conda.anaconda.org/conda-forge/noarch/rsa-4.9.1-pyhd8ed1ab_0.conda
      - conda: https://conda.anaconda.org/conda-forge/noarch/six-1.17.0-pyhe01879c_1.conda
      - conda: https://conda.anaconda.org/conda-forge/noarch/sniffio-1.3.1-pyhd8ed1ab_2.conda
      - conda: https://conda.anaconda.org/conda-forge/win-64/tk-8.6.13-h2c6b04d_3.conda
      - conda: https://conda.anaconda.org/conda-forge/noarch/typing-extensions-4.15.0-h396c80c_0.conda
      - conda: https://conda.anaconda.org/conda-forge/noarch/typing_extensions-4.15.0-pyhcf101f3_0.conda
      - conda: https://conda.anaconda.org/conda-forge/noarch/tzdata-2025c-hc9c84f9_1.conda
      - conda: https://conda.anaconda.org/conda-forge/win-64/ucrt-10.0.26100.0-h57928b3_0.conda
      - conda: https://conda.anaconda.org/conda-forge/noarch/urllib3-2.6.2-pyhd8ed1ab_0.conda
      - conda: https://conda.anaconda.org/conda-forge/win-64/vc-14.3-h2b53caa_33.conda
      - conda: https://conda.anaconda.org/conda-forge/win-64/vc14_runtime-14.44.35208-h818238b_33.conda
      - conda: https://conda.anaconda.org/conda-forge/win-64/vcomp14-14.44.35208-h818238b_33.conda
      - conda: https://conda.anaconda.org/conda-forge/noarch/win_inet_pton-1.1.0-pyh7428d3b_8.conda
      - conda: https://conda.anaconda.org/conda-forge/noarch/yarl-1.22.0-pyh7db6752_0.conda
      - conda: https://conda.anaconda.org/conda-forge/win-64/zstd-1.5.7-h534d264_6.conda
packages:
- conda: https://conda.anaconda.org/conda-forge/noarch/aiohappyeyeballs-2.6.1-pyhd8ed1ab_0.conda
  sha256: 7842ddc678e77868ba7b92a726b437575b23aaec293bca0d40826f1026d90e27
  md5: 18fd895e0e775622906cdabfc3cf0fb4
  depends:
  - python >=3.9
  license: PSF-2.0
  license_family: PSF
  size: 19750
  timestamp: 1741775303303
- conda: https://conda.anaconda.org/conda-forge/noarch/aiohttp-3.13.2-pyh4ca1811_0.conda
  sha256: 8af88a6daa5e30f347da7faee1ee17d920a1090c0e921431bf43adff02429b50
  md5: 9b7efc1b9351892fc1b0af3fb7e44280
  depends:
  - aiohappyeyeballs >=2.5.0
  - aiosignal >=1.4.0
  - async-timeout >=4.0,<6.0
  - attrs >=17.3.0
  - frozenlist >=1.1.1
  - multidict >=4.5,<7.0
  - propcache >=0.2.0
  - python >=3.10
  - yarl >=1.17.0,<2.0
  track_features:
  - aiohttp_no_compile
  license: MIT AND Apache-2.0
  license_family: Apache
  size: 474272
  timestamp: 1761726660058
- conda: https://conda.anaconda.org/conda-forge/noarch/aiosignal-1.4.0-pyhd8ed1ab_0.conda
  sha256: 8dc149a6828d19bf104ea96382a9d04dae185d4a03cc6beb1bc7b84c428e3ca2
  md5: 421a865222cd0c9d83ff08bc78bf3a61
  depends:
  - frozenlist >=1.1.0
  - python >=3.9
  - typing_extensions >=4.2
  license: Apache-2.0
  license_family: APACHE
  size: 13688
  timestamp: 1751626573984
- conda: https://conda.anaconda.org/conda-forge/noarch/anyio-4.12.0-pyhcf101f3_0.conda
  sha256: 830fc81970cd9d19869909b9b16d241f4d557e4f201a1030aa6ed87c6aa8b930
  md5: 9958d4a1ee7e9c768fe8f4fb51bd07ea
  depends:
  - exceptiongroup >=1.0.2
  - idna >=2.8
  - python >=3.10
  - typing_extensions >=4.5
  - python
  constrains:
  - trio >=0.32.0
  - uvloop >=0.21
  license: MIT
  license_family: MIT
  size: 144702
  timestamp: 1764375386926
- conda: https://conda.anaconda.org/conda-forge/noarch/async-timeout-5.0.1-pyhd8ed1ab_1.conda
  sha256: 33d12250c870e06c9a313c6663cfbf1c50380b73dfbbb6006688c3134b29b45a
  md5: 5d842988b11a8c3ab57fb70840c83d24
  depends:
  - python >=3.9
  license: Apache-2.0
  license_family: Apache
  size: 11763
  timestamp: 1733235428203
- conda: https://conda.anaconda.org/conda-forge/noarch/attrs-25.4.0-pyhcf101f3_1.conda
  sha256: c13d5e42d187b1d0255f591b7ce91201d4ed8a5370f0d986707a802c20c9d32f
  md5: 537296d57ea995666c68c821b00e360b
  depends:
  - python >=3.10
  - python
  license: MIT
  license_family: MIT
  size: 64759
  timestamp: 1764875182184
- conda: https://conda.anaconda.org/conda-forge/noarch/backports.zstd-1.3.0-py314h680f03e_0.conda
  noarch: generic
  sha256: c31ab719d256bc6f89926131e88ecd0f0c5d003fe8481852c6424f4ec6c7eb29
  md5: a2ac7763a9ac75055b68f325d3255265
  depends:
  - python >=3.14
  license: BSD-3-Clause AND MIT AND EPL-2.0
  size: 7514
  timestamp: 1767044983590
- conda: https://conda.anaconda.org/conda-forge/win-64/brotli-python-1.2.0-py314he701e3d_1.conda
  sha256: 6854ee7675135c57c73a04849c29cbebc2fb6a3a3bfee1f308e64bf23074719b
  md5: 1302b74b93c44791403cbeee6a0f62a3
  depends:
  - python >=3.14,<3.15.0a0
  - python_abi 3.14.* *_cp314
  - ucrt >=10.0.20348.0
  - vc >=14.3,<15
  - vc14_runtime >=14.44.35208
  constrains:
  - libbrotlicommon 1.2.0 hfd05255_1
  license: MIT
  license_family: MIT
  size: 335782
  timestamp: 1764018443683
- conda: https://conda.anaconda.org/conda-forge/win-64/bzip2-1.0.8-h0ad9c76_8.conda
  sha256: d882712855624641f48aa9dc3f5feea2ed6b4e6004585d3616386a18186fe692
  md5: 1077e9333c41ff0be8edd1a5ec0ddace
  depends:
  - ucrt >=10.0.20348.0
  - vc >=14.3,<15
  - vc14_runtime >=14.44.35208
  license: bzip2-1.0.6
  license_family: BSD
  size: 55977
  timestamp: 1757437738856
- conda: https://conda.anaconda.org/conda-forge/noarch/ca-certificates-2025.11.12-h4c7d964_0.conda
  sha256: 686a13bd2d4024fc99a22c1e0e68a7356af3ed3304a8d3ff6bb56249ad4e82f0
  md5: f98fb7db808b94bc1ec5b0e62f9f1069
  depends:
  - __win
  license: ISC
  size: 152827
  timestamp: 1762967310929
- conda: https://conda.anaconda.org/conda-forge/noarch/cachetools-6.2.4-pyhd8ed1ab_0.conda
  sha256: e00325243791f4337d147224e4e1508de450aeeab1abc0470f2227748deddbfc
  md5: 629c8fd0c11eb853732608e2454abf8e
  depends:
  - python >=3.10
  license: MIT
  license_family: MIT
  size: 16867
  timestamp: 1765829705483
- conda: https://conda.anaconda.org/conda-forge/noarch/certifi-2025.11.12-pyhd8ed1ab_0.conda
  sha256: 083a2bdad892ccf02b352ecab38ee86c3e610ba9a4b11b073ea769d55a115d32
  md5: 96a02a5c1a65470a7e4eedb644c872fd
  depends:
  - python >=3.10
  license: ISC
  size: 157131
  timestamp: 1762976260320
- conda: https://conda.anaconda.org/conda-forge/win-64/cffi-2.0.0-py314h5a2d7ad_1.conda
  sha256: 924f2f01fa7a62401145ef35ab6fc95f323b7418b2644a87fea0ea68048880ed
  md5: c360170be1c9183654a240aadbedad94
  depends:
  - pycparser
  - python >=3.14,<3.15.0a0
  - python_abi 3.14.* *_cp314
  - ucrt >=10.0.20348.0
  - vc >=14.3,<15
  - vc14_runtime >=14.44.35208
  license: MIT
  license_family: MIT
  size: 294731
  timestamp: 1761203441365
- conda: https://conda.anaconda.org/conda-forge/noarch/charset-normalizer-3.4.4-pyhd8ed1ab_0.conda
  sha256: b32f8362e885f1b8417bac2b3da4db7323faa12d5db62b7fd6691c02d60d6f59
  md5: a22d1fd9bf98827e280a02875d9a007a
  depends:
  - python >=3.10
  license: MIT
  license_family: MIT
  size: 50965
  timestamp: 1760437331772
- conda: https://conda.anaconda.org/conda-forge/win-64/cryptography-46.0.3-py314he884d78_1.conda
  sha256: 71aaadb5294c99b012594a045b40794c69ebaf9b00f15f3ae46cdf17f35c4538
  md5: 50b7af7ca45a8b224ca78906036ba04c
  depends:
  - cffi >=1.14
  - openssl >=3.5.4,<4.0a0
  - python >=3.14,<3.15.0a0
  - python_abi 3.14.* *_cp314
  - ucrt >=10.0.20348.0
  - vc >=14.3,<15
  - vc14_runtime >=14.44.35208
  license: Apache-2.0 AND BSD-3-Clause AND PSF-2.0 AND MIT
  license_family: BSD
  size: 1489074
  timestamp: 1764805638732
- conda: https://conda.anaconda.org/conda-forge/noarch/exceptiongroup-1.3.1-pyhd8ed1ab_0.conda
  sha256: ee6cf346d017d954255bbcbdb424cddea4d14e4ed7e9813e429db1d795d01144
  md5: 8e662bd460bda79b1ea39194e3c4c9ab
  depends:
  - python >=3.10
  - typing_extensions >=4.6.0
  license: MIT and PSF-2.0
  size: 21333
  timestamp: 1763918099466
- conda: https://conda.anaconda.org/conda-forge/noarch/frozenlist-1.7.0-pyhf298e5d_0.conda
  sha256: d065c6c76ba07c148b07102f89fd14e39e4f0b2c022ad671bbef8fda9431ba1b
  md5: 3998c9592e3db2f6809e4585280415f4
  depends:
  - python >=3.9
  track_features:
  - frozenlist_no_compile
  license: Apache-2.0
  license_family: APACHE
  size: 18952
  timestamp: 1752167260183
- conda: https://conda.anaconda.org/conda-forge/noarch/google-auth-2.45.0-pyhd8ed1ab_0.conda
  sha256: 66c824e7a03ec6c929b134d15f12dcdb0acc417dc593b918a8e392395aabcf89
  md5: ba51a6bf040e6029f65f73f409c9124c
  depends:
  - aiohttp >=3.6.2,<4.0.0
  - cachetools >=2.0.0,<7.0
  - cryptography >=38.0.3
  - pyasn1-modules >=0.2.1
  - pyopenssl >=20.0.0
  - python >=3.10
  - pyu2f >=0.1.5
  - requests >=2.20.0,<3.0.0
  - rsa >=3.1.4,<5
  license: Apache-2.0
  license_family: Apache
  size: 130432
  timestamp: 1765878859304
- conda: https://conda.anaconda.org/conda-forge/noarch/h11-0.16.0-pyhd8ed1ab_0.conda
  sha256: f64b68148c478c3bfc8f8d519541de7d2616bf59d44485a5271041d40c061887
  md5: 4b69232755285701bc86a5afe4d9933a
  depends:
  - python >=3.9
  - typing_extensions
  license: MIT
  license_family: MIT
  size: 37697
  timestamp: 1745526482242
- conda: https://conda.anaconda.org/conda-forge/noarch/h2-4.3.0-pyhcf101f3_0.conda
  sha256: 84c64443368f84b600bfecc529a1194a3b14c3656ee2e832d15a20e0329b6da3
  md5: 164fc43f0b53b6e3a7bc7dce5e4f1dc9
  depends:
  - python >=3.10
  - hyperframe >=6.1,<7
  - hpack >=4.1,<5
  - python
  license: MIT
  license_family: MIT
  size: 95967
  timestamp: 1756364871835
- conda: https://conda.anaconda.org/conda-forge/noarch/hpack-4.1.0-pyhd8ed1ab_0.conda
  sha256: 6ad78a180576c706aabeb5b4c8ceb97c0cb25f1e112d76495bff23e3779948ba
  md5: 0a802cb9888dd14eeefc611f05c40b6e
  depends:
  - python >=3.9
  license: MIT
  license_family: MIT
  size: 30731
  timestamp: 1737618390337
- conda: https://conda.anaconda.org/conda-forge/noarch/httpcore-1.0.9-pyh29332c3_0.conda
  sha256: 04d49cb3c42714ce533a8553986e1642d0549a05dc5cc48e0d43ff5be6679a5b
  md5: 4f14640d58e2cc0aa0819d9d8ba125bb
  depends:
  - python >=3.9
  - h11 >=0.16
  - h2 >=3,<5
  - sniffio 1.*
  - anyio >=4.0,<5.0
  - certifi
  - python
  license: BSD-3-Clause
  license_family: BSD
  size: 49483
  timestamp: 1745602916758
- conda: https://conda.anaconda.org/conda-forge/noarch/httpx-0.28.1-pyhd8ed1ab_0.conda
  sha256: cd0f1de3697b252df95f98383e9edb1d00386bfdd03fdf607fa42fe5fcb09950
  md5: d6989ead454181f4f9bc987d3dc4e285
  depends:
  - anyio
  - certifi
  - httpcore 1.*
  - idna
  - python >=3.9
  license: BSD-3-Clause
  license_family: BSD
  size: 63082
  timestamp: 1733663449209
- conda: https://conda.anaconda.org/conda-forge/noarch/hyperframe-6.1.0-pyhd8ed1ab_0.conda
  sha256: 77af6f5fe8b62ca07d09ac60127a30d9069fdc3c68d6b256754d0ffb1f7779f8
  md5: 8e6923fc12f1fe8f8c4e5c9f343256ac
  depends:
  - python >=3.9
  license: MIT
  license_family: MIT
  size: 17397
  timestamp: 1737618427549
- conda: https://conda.anaconda.org/conda-forge/noarch/idna-3.11-pyhd8ed1ab_0.conda
  sha256: ae89d0299ada2a3162c2614a9d26557a92aa6a77120ce142f8e0109bbf0342b0
  md5: 53abe63df7e10a6ba605dc5f9f961d36
  depends:
  - python >=3.10
  license: BSD-3-Clause
  license_family: BSD
  size: 50721
  timestamp: 1760286526795
- conda: https://conda.anaconda.org/conda-forge/win-64/libexpat-2.7.3-hac47afa_0.conda
  sha256: 844ab708594bdfbd7b35e1a67c379861bcd180d6efe57b654f482ae2f7f5c21e
  md5: 8c9e4f1a0e688eef2e95711178061a0f
  depends:
  - ucrt >=10.0.20348.0
  - vc >=14.3,<15
  - vc14_runtime >=14.44.35208
  constrains:
  - expat 2.7.3.*
  license: MIT
  license_family: MIT
  size: 70137
  timestamp: 1763550049107
- conda: https://conda.anaconda.org/conda-forge/win-64/libffi-3.5.2-h52bdfb6_0.conda
  sha256: ddff25aaa4f0aa535413f5d831b04073789522890a4d8626366e43ecde1534a3
  md5: ba4ad812d2afc22b9a34ce8327a0930f
  depends:
  - ucrt >=10.0.20348.0
  - vc >=14.3,<15
  - vc14_runtime >=14.44.35208
  license: MIT
  license_family: MIT
  size: 44866
  timestamp: 1760295760649
- conda: https://conda.anaconda.org/conda-forge/win-64/liblzma-5.8.1-h2466b09_2.conda
  sha256: 55764956eb9179b98de7cc0e55696f2eff8f7b83fc3ebff5e696ca358bca28cc
  md5: c15148b2e18da456f5108ccb5e411446
  depends:
  - ucrt >=10.0.20348.0
  - vc >=14.2,<15
  - vc14_runtime >=14.29.30139
  constrains:
  - xz 5.8.1.*
  license: 0BSD
  size: 104935
  timestamp: 1749230611612
- conda: https://conda.anaconda.org/conda-forge/win-64/libmpdec-4.0.0-h2466b09_0.conda
  sha256: fc529fc82c7caf51202cc5cec5bb1c2e8d90edbac6d0a4602c966366efe3c7bf
  md5: 74860100b2029e2523cf480804c76b9b
  depends:
  - ucrt >=10.0.20348.0
  - vc >=14.2,<15
  - vc14_runtime >=14.29.30139
  license: BSD-2-Clause
  license_family: BSD
  size: 88657
  timestamp: 1723861474602
- conda: https://conda.anaconda.org/conda-forge/win-64/libsqlite-3.51.1-hf5d6505_1.conda
  sha256: d6d86715a1afe11f626b7509935e9d2e14a4946632c0ac474526e20fc6c55f99
  md5: be65be5f758709fc01b01626152e96b0
  depends:
  - ucrt >=10.0.20348.0
  - vc >=14.3,<15
  - vc14_runtime >=14.44.35208
  license: blessing
  size: 1292859
  timestamp: 1766319616777
- conda: https://conda.anaconda.org/conda-forge/win-64/libzlib-1.3.1-h2466b09_2.conda
  sha256: ba945c6493449bed0e6e29883c4943817f7c79cbff52b83360f7b341277c6402
  md5: 41fbfac52c601159df6c01f875de31b9
  depends:
  - ucrt >=10.0.20348.0
  - vc >=14.2,<15
  - vc14_runtime >=14.29.30139
  constrains:
  - zlib 1.3.1 *_2
  license: Zlib
  license_family: Other
  size: 55476
  timestamp: 1727963768015
- conda: https://conda.anaconda.org/conda-forge/noarch/multidict-6.7.0-pyh62beb40_0.conda
  sha256: 1edb22a6cf563a24fcdd1185e9fd9b98b1571233460de1eefe903edd28ac8321
  md5: cf7c106c72e6fd92fee6ded0bd76d343
  depends:
  - python >=3.10
  - typing-extensions >=4.1.0
  track_features:
  - multidict_no_compile
  license: Apache-2.0
  license_family: APACHE
  size: 37469
  timestamp: 1765460459538
- conda: https://conda.anaconda.org/conda-forge/win-64/openssl-3.6.0-h725018a_0.conda
  sha256: 6d72d6f766293d4f2aa60c28c244c8efed6946c430814175f959ffe8cab899b3
  md5: 84f8fb4afd1157f59098f618cd2437e4
  depends:
  - ca-certificates
  - ucrt >=10.0.20348.0
  - vc >=14.3,<15
  - vc14_runtime >=14.44.35208
  license: Apache-2.0
  license_family: Apache
  size: 9440812
  timestamp: 1762841722179
- conda: https://conda.anaconda.org/conda-forge/noarch/propcache-0.3.1-pyhe1237c8_0.conda
  sha256: d8927d64b35e1fb82285791444673e47d3729853be962c7045e75fc0fd715cec
  md5: b1cda654f58d74578ac9786909af84cd
  depends:
  - python >=3.9
  track_features:
  - propcache_no_compile
  license: Apache-2.0
  license_family: APACHE
  size: 17693
  timestamp: 1744525054494
- conda: https://conda.anaconda.org/conda-forge/noarch/pyasn1-0.6.1-pyhd8ed1ab_2.conda
  sha256: d06051df66e9ab753683d7423fcef873d78bb0c33bd112c3d5be66d529eddf06
  md5: 09bb17ed307ad6ab2fd78d32372fdd4e
  depends:
  - python >=3.9
  license: BSD-2-Clause
  license_family: BSD
  size: 62230
  timestamp: 1733217699113
- conda: https://conda.anaconda.org/conda-forge/noarch/pyasn1-modules-0.4.2-pyhd8ed1ab_0.conda
  sha256: 5495061f5d3d6b82b74d400273c586e7c1f1700183de1d2d1688e900071687cb
  md5: c689b62552f6b63f32f3322e463f3805
  depends:
  - pyasn1 >=0.6.1,<0.7.0
  - python >=3.9
  license: BSD-2-Clause
  license_family: BSD
  size: 95990
  timestamp: 1743436137965
- conda: https://conda.anaconda.org/conda-forge/noarch/pycparser-2.22-pyh29332c3_1.conda
  sha256: 79db7928d13fab2d892592223d7570f5061c192f27b9febd1a418427b719acc6
  md5: 12c566707c80111f9799308d9e265aef
  depends:
  - python >=3.9
  - python
  license: BSD-3-Clause
  license_family: BSD
  size: 110100
  timestamp: 1733195786147
- conda: https://conda.anaconda.org/conda-forge/noarch/pyopenssl-25.3.0-pyhd8ed1ab_0.conda
  sha256: e3a1216bbc4622ac4dfd36c3f8fd3a90d800eebc9147fa3af7eab07d863516b3
  md5: ddf01a1d87103a152f725c7aeabffa29
  depends:
  - cryptography >=45.0.7,<47
  - python >=3.10
  - typing-extensions >=4.9
  - typing_extensions >=4.9
  license: Apache-2.0
  license_family: Apache
  size: 126393
  timestamp: 1760304658366
- conda: https://conda.anaconda.org/conda-forge/noarch/pysocks-1.7.1-pyh09c184e_7.conda
  sha256: d016e04b0e12063fbee4a2d5fbb9b39a8d191b5a0042f0b8459188aedeabb0ca
  md5: e2fd202833c4a981ce8a65974fe4abd1
  depends:
  - __win
  - python >=3.9
  - win_inet_pton
  license: BSD-3-Clause
  license_family: BSD
  size: 21784
  timestamp: 1733217448189
- conda: https://conda.anaconda.org/conda-forge/win-64/python-3.14.2-h4b44e0e_100_cp314.conda
  build_number: 100
  sha256: 6857d7c97cc71fe9ba298dcb1d3b66cc7df425132ab801babd655faa3df48f32
  md5: c3c73414d5ae3f543c531c978d9cc8b8
  depends:
  - bzip2 >=1.0.8,<2.0a0
  - libexpat >=2.7.3,<3.0a0
  - libffi >=3.5.2,<3.6.0a0
  - liblzma >=5.8.1,<6.0a0
  - libmpdec >=4.0.0,<5.0a0
  - libsqlite >=3.51.1,<4.0a0
  - libzlib >=1.3.1,<2.0a0
  - openssl >=3.5.4,<4.0a0
  - python_abi 3.14.* *_cp314
  - tk >=8.6.13,<8.7.0a0
  - tzdata
  - ucrt >=10.0.20348.0
  - vc >=14.3,<15
  - vc14_runtime >=14.44.35208
  - zstd >=1.5.7,<1.6.0a0
  license: Python-2.0
  size: 16833248
  timestamp: 1765020224759
  python_site_packages_path: Lib/site-packages
- conda: https://conda.anaconda.org/conda-forge/noarch/python_abi-3.14-8_cp314.conda
  build_number: 8
  sha256: ad6d2e9ac39751cc0529dd1566a26751a0bf2542adb0c232533d32e176e21db5
  md5: 0539938c55b6b1a59b560e843ad864a4
  constrains:
  - python 3.14.* *_cp314
  license: BSD-3-Clause
  license_family: BSD
  size: 6989
  timestamp: 1752805904792
- conda: https://conda.anaconda.org/conda-forge/noarch/pyu2f-0.1.5-pyhd8ed1ab_1.conda
  sha256: 991caa5408aea018488a2c94e915c11792b9321b0ef64401f4829ebd0abfb3c0
  md5: 644bd4ca9f68ef536b902685d773d697
  depends:
  - python >=3.9
  - six
  license: Apache-2.0
  license_family: APACHE
  size: 36786
  timestamp: 1733738704089
- conda: https://conda.anaconda.org/conda-forge/noarch/requests-2.32.5-pyhcf101f3_1.conda
  sha256: 7813c38b79ae549504b2c57b3f33394cea4f2ad083f0994d2045c2e24cb538c5
  md5: c65df89a0b2e321045a9e01d1337b182
  depends:
  - python >=3.10
  - certifi >=2017.4.17
  - charset-normalizer >=2,<4
  - idna >=2.5,<4
  - urllib3 >=1.21.1,<3
  - python
  constrains:
  - chardet >=3.0.2,<6
  license: Apache-2.0
  size: 63602
  timestamp: 1766926974520
- conda: https://conda.anaconda.org/conda-forge/noarch/rsa-4.9.1-pyhd8ed1ab_0.conda
  sha256: e32e94e7693d4bc9305b36b8a4ef61034e0428f58850ebee4675978e3c2e5acf
  md5: 58958bb50f986ac0c46f73b6e290d5fe
  depends:
  - pyasn1 >=0.1.3
  - python >=3.9
  license: Apache-2.0
  license_family: APACHE
  size: 31709
  timestamp: 1744825527634
- conda: https://conda.anaconda.org/conda-forge/noarch/six-1.17.0-pyhe01879c_1.conda
  sha256: 458227f759d5e3fcec5d9b7acce54e10c9e1f4f4b7ec978f3bfd54ce4ee9853d
  md5: 3339e3b65d58accf4ca4fb8748ab16b3
  depends:
  - python >=3.9
  - python
  license: MIT
  license_family: MIT
  size: 18455
  timestamp: 1753199211006
- conda: https://conda.anaconda.org/conda-forge/noarch/sniffio-1.3.1-pyhd8ed1ab_2.conda
  sha256: dce518f45e24cd03f401cb0616917773159a210c19d601c5f2d4e0e5879d30ad
  md5: 03fe290994c5e4ec17293cfb6bdce520
  depends:
  - python >=3.10
  license: Apache-2.0
  license_family: Apache
  size: 15698
  timestamp: 1762941572482
- conda: https://conda.anaconda.org/conda-forge/win-64/tk-8.6.13-h2c6b04d_3.conda
  sha256: 4581f4ffb432fefa1ac4f85c5682cc27014bcd66e7beaa0ee330e927a7858790
  md5: 7cb36e506a7dba4817970f8adb6396f9
  depends:
  - ucrt >=10.0.20348.0
  - vc >=14.2,<15
  - vc14_runtime >=14.29.30139
  license: TCL
  license_family: BSD
  size: 3472313
  timestamp: 1763055164278
- conda: https://conda.anaconda.org/conda-forge/noarch/typing-extensions-4.15.0-h396c80c_0.conda
  sha256: 7c2df5721c742c2a47b2c8f960e718c930031663ac1174da67c1ed5999f7938c
  md5: edd329d7d3a4ab45dcf905899a7a6115
  depends:
  - typing_extensions ==4.15.0 pyhcf101f3_0
  license: PSF-2.0
  license_family: PSF
  size: 91383
  timestamp: 1756220668932
- conda: https://conda.anaconda.org/conda-forge/noarch/typing_extensions-4.15.0-pyhcf101f3_0.conda
  sha256: 032271135bca55aeb156cee361c81350c6f3fb203f57d024d7e5a1fc9ef18731
  md5: 0caa1af407ecff61170c9437a808404d
  depends:
  - python >=3.10
  - python
  license: PSF-2.0
  license_family: PSF
  size: 51692
  timestamp: 1756220668932
- conda: https://conda.anaconda.org/conda-forge/noarch/tzdata-2025c-hc9c84f9_1.conda
  sha256: 1d30098909076af33a35017eed6f2953af1c769e273a0626a04722ac4acaba3c
  md5: ad659d0a2b3e47e38d829aa8cad2d610
  license: LicenseRef-Public-Domain
  size: 119135
  timestamp: 1767016325805
- conda: https://conda.anaconda.org/conda-forge/win-64/ucrt-10.0.26100.0-h57928b3_0.conda
  sha256: 3005729dce6f3d3f5ec91dfc49fc75a0095f9cd23bab49efb899657297ac91a5
  md5: 71b24316859acd00bdb8b38f5e2ce328
  constrains:
  - vc14_runtime >=14.29.30037
  - vs2015_runtime >=14.29.30037
  license: LicenseRef-MicrosoftWindowsSDK10
  size: 694692
  timestamp: 1756385147981
- conda: https://conda.anaconda.org/conda-forge/noarch/urllib3-2.6.2-pyhd8ed1ab_0.conda
  sha256: f4302a80ee9b76279ad061df05003abc2a29cc89751ffab2fd2919b43455dac0
  md5: 4949ca7b83065cfe94ebe320aece8c72
  depends:
  - backports.zstd >=1.0.0
  - brotli-python >=1.2.0
  - h2 >=4,<5
  - pysocks >=1.5.6,<2.0,!=1.5.7
  - python >=3.10
  license: MIT
  license_family: MIT
  size: 102842
  timestamp: 1765719817255
- conda: https://conda.anaconda.org/conda-forge/win-64/vc-14.3-h2b53caa_33.conda
  sha256: 7036945b5fff304064108c22cbc1bb30e7536363782b0456681ee6cf209138bd
  md5: 2d1c042360c09498891809a3765261be
  depends:
  - vc14_runtime >=14.42.34433
  track_features:
  - vc14
  license: BSD-3-Clause
  license_family: BSD
  size: 19070
  timestamp: 1765216452130
- conda: https://conda.anaconda.org/conda-forge/win-64/vc14_runtime-14.44.35208-h818238b_33.conda
  sha256: 7e8f7da25d7ce975bbe7d7e6d6e899bf1f253e524a3427cc135a79f3a79c457c
  md5: fb8e4914c5ad1c71b3c519621e1df7b8
  depends:
  - ucrt >=10.0.20348.0
  - vcomp14 14.44.35208 h818238b_33
  constrains:
  - vs2015_runtime 14.44.35208.* *_33
  license: LicenseRef-MicrosoftVisualCpp2015-2022Runtime
  license_family: Proprietary
  size: 684323
  timestamp: 1765216366832
- conda: https://conda.anaconda.org/conda-forge/win-64/vcomp14-14.44.35208-h818238b_33.conda
  sha256: f79edd878094e86af2b2bc1455b0a81e02839a784fb093d5996ad4cf7b810101
  md5: 4cb6942b4bd846e51b4849f4a93c7e6d
  depends:
  - ucrt >=10.0.20348.0
  constrains:
  - vs2015_runtime 14.44.35208.* *_33
  license: LicenseRef-MicrosoftVisualCpp2015-2022Runtime
  license_family: Proprietary
  size: 115073
  timestamp: 1765216325898
- conda: https://conda.anaconda.org/conda-forge/noarch/win_inet_pton-1.1.0-pyh7428d3b_8.conda
  sha256: 93807369ab91f230cf9e6e2a237eaa812492fe00face5b38068735858fba954f
  md5: 46e441ba871f524e2b067929da3051c2
  depends:
  - __win
  - python >=3.9
  license: LicenseRef-Public-Domain
  size: 9555
  timestamp: 1733130678956
- conda: https://conda.anaconda.org/conda-forge/noarch/yarl-1.22.0-pyh7db6752_0.conda
  sha256: b04271f56c68483b411c5465afff73b8eabdea564e942f0e7afed06619272635
  md5: ca3c00c764cee005798a518cba79885c
  depends:
  - idna >=2.0
  - multidict >=4.0
  - propcache >=0.2.1
  - python >=3.10
  track_features:
  - yarl_no_compile
  license: Apache-2.0
  license_family: Apache
  size: 73066
  timestamp: 1761337117132
- conda: https://conda.anaconda.org/conda-forge/win-64/zstd-1.5.7-h534d264_6.conda
  sha256: 368d8628424966fd8f9c8018326a9c779e06913dd39e646cf331226acc90e5b2
  md5: 053b84beec00b71ea8ff7a4f84b55207
  depends:
  - vc >=14.3,<15
  - vc14_runtime >=14.44.35208
  - ucrt >=10.0.20348.0
  - libzlib >=1.3.1,<2.0a0
  license: BSD-3-Clause
  license_family: BSD
  size: 388453
  timestamp: 1764777142545
